
Microsoft Visual Studio Solution File, Format Version 12.00
# Visual Studio Version 17
VisualStudioVersion = 17.6.33801.468
MinimumVisualStudioVersion = 10.0.40219.1
Project("{9A19103F-16F7-4668-BE54-9A1E7A4F7556}") = "DndManager", "DndManager.csproj", "{BC0D64AB-0606-4006-AFA7-D5D3CDBADAF8}"
EndProject
Project("{2150E333-8FDC-42A3-9474-1A3956D46DE8}") = "Solution Items", "Solution Items", "{3B8DAD23-DDB4-442D-A2B5-CB0AB4852161}"
	ProjectSection(SolutionItems) = preProject
		.editorconfig = .editorconfig
	EndProjectSection
EndProject
Project("{FAE04EC0-301F-11D3-BF4B-00C04F79EFBC}") = "DndManager.Tests", "..\DndManager.Tests\DndManager.Tests.csproj", "{84CC8FAC-D03D-4852-B05D-BF754C1B6722}"
EndProject
Global
	GlobalSection(SolutionConfigurationPlatforms) = preSolution
		Debug|Any CPU = Debug|Any CPU
		Release|Any CPU = Release|Any CPU
	EndGlobalSection
	GlobalSection(ProjectConfigurationPlatforms) = postSolution
		{BC0D64AB-0606-4006-AFA7-D5D3CDBADAF8}.Debug|Any CPU.ActiveCfg = Debug|Any CPU
		{BC0D64AB-0606-4006-AFA7-D5D3CDBADAF8}.Debug|Any CPU.Build.0 = Debug|Any CPU
		{BC0D64AB-0606-4006-AFA7-D5D3CDBADAF8}.Release|Any CPU.ActiveCfg = Release|Any CPU
		{BC0D64AB-0606-4006-AFA7-D5D3CDBADAF8}.Release|Any CPU.Build.0 = Release|Any CPU
		{84CC8FAC-D03D-4852-B05D-BF754C1B6722}.Debug|Any CPU.ActiveCfg = Debug|Any CPU
		{84CC8FAC-D03D-4852-B05D-BF754C1B6722}.Debug|Any CPU.Build.0 = Debug|Any CPU
		{84CC8FAC-D03D-4852-B05D-BF754C1B6722}.Release|Any CPU.ActiveCfg = Release|Any CPU
		{84CC8FAC-D03D-4852-B05D-BF754C1B6722}.Release|Any CPU.Build.0 = Release|Any CPU
	EndGlobalSection
	GlobalSection(SolutionProperties) = preSolution
		HideSolutionNode = FALSE
	EndGlobalSection
	GlobalSection(ExtensibilityGlobals) = postSolution
		SolutionGuid = {89CC43AF-00FF-469D-A6A0-62752A721020}
	EndGlobalSection
EndGlobal
